
Microsoft Visual Studio Solution File, Format Version 12.00
# Visual Studio Version 17
VisualStudioVersion = 17.1.32228.430
MinimumVisualStudioVersion = 10.0.40219.1
Project("{2150E333-8FDC-42A3-9474-1A3956D46DE8}") = "Secondbot", "Secondbot", "{4388BA41-F3FC-4A0E-AA00-50E9ED45A027}"
EndProject
Project("{2150E333-8FDC-42A3-9474-1A3956D46DE8}") = "Project Items", "Project Items", "{C343303B-F9BF-46B3-BBB5-5596823EC71C}"
	ProjectSection(SolutionItems) = preProject
		.gitignore = .gitignore
		Dockerfile = Dockerfile
		NuGet.Config = NuGet.Config
		README.md = README.md
	EndProjectSection
EndProject
Project("{9A19103F-16F7-4668-BE54-9A1E7A4F7556}") = "SecondBotEvents", "SecondBotEvents\SecondBotEvents.csproj", "{571AB1AF-4C74-4C37-AC5B-9B63383AC791}"
EndProject
Project("{2150E333-8FDC-42A3-9474-1A3956D46DE8}") = "Meta", "Meta", "{EB0A1951-FA28-4D7C-9550-EB0724D3612D}"
EndProject
Project("{9A19103F-16F7-4668-BE54-9A1E7A4F7556}") = "LibreMetaverse", "LibreMetaverse\LibreMetaverse.csproj", "{19773905-4530-444E-A51D-00C210C2A807}"
EndProject
Project("{9A19103F-16F7-4668-BE54-9A1E7A4F7556}") = "LibreMetaverse.Types", "LibreMetaverse.Types\LibreMetaverse.Types.csproj", "{1E51D4CA-564A-4EF5-AD7A-5FCD4BD065D0}"
EndProject
Project("{9A19103F-16F7-4668-BE54-9A1E7A4F7556}") = "LibreMetaverse.StructuredData", "LibreMetaverse.StructuredData\LibreMetaverse.StructuredData.csproj", "{82CF657E-0AA9-43C3-A19C-3617A643251F}"
EndProject
Global
	GlobalSection(SolutionConfigurationPlatforms) = preSolution
		Debug|Any CPU = Debug|Any CPU
		Debug|x64 = Debug|x64
		Debug|x86 = Debug|x86
		DockerBuild|Any CPU = DockerBuild|Any CPU
		DockerBuild|x64 = DockerBuild|x64
		DockerBuild|x86 = DockerBuild|x86
		Release|Any CPU = Release|Any CPU
		Release|x64 = Release|x64
		Release|x86 = Release|x86
	EndGlobalSection
	GlobalSection(ProjectConfigurationPlatforms) = postSolution
		{571AB1AF-4C74-4C37-AC5B-9B63383AC791}.Debug|Any CPU.ActiveCfg = Debug|Any CPU
		{571AB1AF-4C74-4C37-AC5B-9B63383AC791}.Debug|Any CPU.Build.0 = Debug|Any CPU
		{571AB1AF-4C74-4C37-AC5B-9B63383AC791}.Debug|x64.ActiveCfg = Debug|Any CPU
		{571AB1AF-4C74-4C37-AC5B-9B63383AC791}.Debug|x64.Build.0 = Debug|Any CPU
		{571AB1AF-4C74-4C37-AC5B-9B63383AC791}.Debug|x86.ActiveCfg = Debug|Any CPU
		{571AB1AF-4C74-4C37-AC5B-9B63383AC791}.Debug|x86.Build.0 = Debug|Any CPU
		{571AB1AF-4C74-4C37-AC5B-9B63383AC791}.DockerBuild|Any CPU.ActiveCfg = Debug|Any CPU
		{571AB1AF-4C74-4C37-AC5B-9B63383AC791}.DockerBuild|Any CPU.Build.0 = Debug|Any CPU
		{571AB1AF-4C74-4C37-AC5B-9B63383AC791}.DockerBuild|x64.ActiveCfg = Debug|Any CPU
		{571AB1AF-4C74-4C37-AC5B-9B63383AC791}.DockerBuild|x64.Build.0 = Debug|Any CPU
		{571AB1AF-4C74-4C37-AC5B-9B63383AC791}.DockerBuild|x86.ActiveCfg = Debug|Any CPU
		{571AB1AF-4C74-4C37-AC5B-9B63383AC791}.DockerBuild|x86.Build.0 = Debug|Any CPU
		{571AB1AF-4C74-4C37-AC5B-9B63383AC791}.Release|Any CPU.ActiveCfg = Release|Any CPU
		{571AB1AF-4C74-4C37-AC5B-9B63383AC791}.Release|Any CPU.Build.0 = Release|Any CPU
		{571AB1AF-4C74-4C37-AC5B-9B63383AC791}.Release|x64.ActiveCfg = Release|Any CPU
		{571AB1AF-4C74-4C37-AC5B-9B63383AC791}.Release|x64.Build.0 = Release|Any CPU
		{571AB1AF-4C74-4C37-AC5B-9B63383AC791}.Release|x86.ActiveCfg = Release|Any CPU
		{571AB1AF-4C74-4C37-AC5B-9B63383AC791}.Release|x86.Build.0 = Release|Any CPU
		{19773905-4530-444E-A51D-00C210C2A807}.Debug|Any CPU.ActiveCfg = Debug|Any CPU
		{19773905-4530-444E-A51D-00C210C2A807}.Debug|Any CPU.Build.0 = Debug|Any CPU
		{19773905-4530-444E-A51D-00C210C2A807}.Debug|x64.ActiveCfg = Debug|x64
		{19773905-4530-444E-A51D-00C210C2A807}.Debug|x64.Build.0 = Debug|x64
		{19773905-4530-444E-A51D-00C210C2A807}.Debug|x86.ActiveCfg = Debug|x86
		{19773905-4530-444E-A51D-00C210C2A807}.Debug|x86.Build.0 = Debug|x86
		{19773905-4530-444E-A51D-00C210C2A807}.DockerBuild|Any CPU.ActiveCfg = Debug|Any CPU
		{19773905-4530-444E-A51D-00C210C2A807}.DockerBuild|Any CPU.Build.0 = Debug|Any CPU
		{19773905-4530-444E-A51D-00C210C2A807}.DockerBuild|x64.ActiveCfg = Debug|x64
		{19773905-4530-444E-A51D-00C210C2A807}.DockerBuild|x64.Build.0 = Debug|x64
		{19773905-4530-444E-A51D-00C210C2A807}.DockerBuild|x86.ActiveCfg = Debug|x86
		{19773905-4530-444E-A51D-00C210C2A807}.DockerBuild|x86.Build.0 = Debug|x86
		{19773905-4530-444E-A51D-00C210C2A807}.Release|Any CPU.ActiveCfg = Release|Any CPU
		{19773905-4530-444E-A51D-00C210C2A807}.Release|Any CPU.Build.0 = Release|Any CPU
		{19773905-4530-444E-A51D-00C210C2A807}.Release|x64.ActiveCfg = Release|x64
		{19773905-4530-444E-A51D-00C210C2A807}.Release|x64.Build.0 = Release|x64
		{19773905-4530-444E-A51D-00C210C2A807}.Release|x86.ActiveCfg = Release|x86
		{19773905-4530-444E-A51D-00C210C2A807}.Release|x86.Build.0 = Release|x86
		{1E51D4CA-564A-4EF5-AD7A-5FCD4BD065D0}.Debug|Any CPU.ActiveCfg = Debug|Any CPU
		{1E51D4CA-564A-4EF5-AD7A-5FCD4BD065D0}.Debug|Any CPU.Build.0 = Debug|Any CPU
		{1E51D4CA-564A-4EF5-AD7A-5FCD4BD065D0}.Debug|x64.ActiveCfg = Debug|x64
		{1E51D4CA-564A-4EF5-AD7A-5FCD4BD065D0}.Debug|x64.Build.0 = Debug|x64
		{1E51D4CA-564A-4EF5-AD7A-5FCD4BD065D0}.Debug|x86.ActiveCfg = Debug|x86
		{1E51D4CA-564A-4EF5-AD7A-5FCD4BD065D0}.Debug|x86.Build.0 = Debug|x86
		{1E51D4CA-564A-4EF5-AD7A-5FCD4BD065D0}.DockerBuild|Any CPU.ActiveCfg = Debug|Any CPU
		{1E51D4CA-564A-4EF5-AD7A-5FCD4BD065D0}.DockerBuild|Any CPU.Build.0 = Debug|Any CPU
		{1E51D4CA-564A-4EF5-AD7A-5FCD4BD065D0}.DockerBuild|x64.ActiveCfg = Debug|x64
		{1E51D4CA-564A-4EF5-AD7A-5FCD4BD065D0}.DockerBuild|x64.Build.0 = Debug|x64
		{1E51D4CA-564A-4EF5-AD7A-5FCD4BD065D0}.DockerBuild|x86.ActiveCfg = Debug|x86
		{1E51D4CA-564A-4EF5-AD7A-5FCD4BD065D0}.DockerBuild|x86.Build.0 = Debug|x86
		{1E51D4CA-564A-4EF5-AD7A-5FCD4BD065D0}.Release|Any CPU.ActiveCfg = Release|Any CPU
		{1E51D4CA-564A-4EF5-AD7A-5FCD4BD065D0}.Release|Any CPU.Build.0 = Release|Any CPU
		{1E51D4CA-564A-4EF5-AD7A-5FCD4BD065D0}.Release|x64.ActiveCfg = Release|x64
		{1E51D4CA-564A-4EF5-AD7A-5FCD4BD065D0}.Release|x64.Build.0 = Release|x64
		{1E51D4CA-564A-4EF5-AD7A-5FCD4BD065D0}.Release|x86.ActiveCfg = Release|x86
		{1E51D4CA-564A-4EF5-AD7A-5FCD4BD065D0}.Release|x86.Build.0 = Release|x86
		{82CF657E-0AA9-43C3-A19C-3617A643251F}.Debug|Any CPU.ActiveCfg = Debug|Any CPU
		{82CF657E-0AA9-43C3-A19C-3617A643251F}.Debug|Any CPU.Build.0 = Debug|Any CPU
		{82CF657E-0AA9-43C3-A19C-3617A643251F}.Debug|x64.ActiveCfg = Debug|x64
		{82CF657E-0AA9-43C3-A19C-3617A643251F}.Debug|x64.Build.0 = Debug|x64
		{82CF657E-0AA9-43C3-A19C-3617A643251F}.Debug|x86.ActiveCfg = Debug|x86
		{82CF657E-0AA9-43C3-A19C-3617A643251F}.Debug|x86.Build.0 = Debug|x86
		{82CF657E-0AA9-43C3-A19C-3617A643251F}.DockerBuild|Any CPU.ActiveCfg = Debug|Any CPU
		{82CF657E-0AA9-43C3-A19C-3617A643251F}.DockerBuild|Any CPU.Build.0 = Debug|Any CPU
		{82CF657E-0AA9-43C3-A19C-3617A643251F}.DockerBuild|x64.ActiveCfg = Debug|x64
		{82CF657E-0AA9-43C3-A19C-3617A643251F}.DockerBuild|x64.Build.0 = Debug|x64
		{82CF657E-0AA9-43C3-A19C-3617A643251F}.DockerBuild|x86.ActiveCfg = Debug|x86
		{82CF657E-0AA9-43C3-A19C-3617A643251F}.DockerBuild|x86.Build.0 = Debug|x86
		{82CF657E-0AA9-43C3-A19C-3617A643251F}.Release|Any CPU.ActiveCfg = Release|Any CPU
		{82CF657E-0AA9-43C3-A19C-3617A643251F}.Release|Any CPU.Build.0 = Release|Any CPU
		{82CF657E-0AA9-43C3-A19C-3617A643251F}.Release|x64.ActiveCfg = Release|x64
		{82CF657E-0AA9-43C3-A19C-3617A643251F}.Release|x64.Build.0 = Release|x64
		{82CF657E-0AA9-43C3-A19C-3617A643251F}.Release|x86.ActiveCfg = Release|x86
		{82CF657E-0AA9-43C3-A19C-3617A643251F}.Release|x86.Build.0 = Release|x86
	EndGlobalSection
	GlobalSection(SolutionProperties) = preSolution
		HideSolutionNode = FALSE
	EndGlobalSection
	GlobalSection(NestedProjects) = preSolution
		{571AB1AF-4C74-4C37-AC5B-9B63383AC791} = {4388BA41-F3FC-4A0E-AA00-50E9ED45A027}
		{19773905-4530-444E-A51D-00C210C2A807} = {EB0A1951-FA28-4D7C-9550-EB0724D3612D}
		{1E51D4CA-564A-4EF5-AD7A-5FCD4BD065D0} = {EB0A1951-FA28-4D7C-9550-EB0724D3612D}
		{82CF657E-0AA9-43C3-A19C-3617A643251F} = {EB0A1951-FA28-4D7C-9550-EB0724D3612D}
	EndGlobalSection
	GlobalSection(ExtensibilityGlobals) = postSolution
		SolutionGuid = {EC43F382-FAF2-49CC-8E23-5DDF87592DFA}
	EndGlobalSection
EndGlobal
