Microsoft Visual Studio Solution File, Format Version 12.00
# Visual Studio Version 16
VisualStudioVersion = 16.0.29123.88
MinimumVisualStudioVersion = 10.0.40219.1
Project("{9A19103F-16F7-4668-BE54-9A1E7A4F7556}") = "BSB", "Core\BSB.csproj", "{077DC0CD-6B3D-4BD9-83ED-9E098768AAA8}"
EndProject
Project("{9A19103F-16F7-4668-BE54-9A1E7A4F7556}") = "BetterSecondBot", "CLI\BetterSecondBot.csproj", "{E34873C1-3860-430A-8AE5-6289C4E68AC7}"
EndProject
Project("{9A19103F-16F7-4668-BE54-9A1E7A4F7556}") = "BSBshared", "BSBshared\BSBshared.csproj", "{42075C8C-8055-4178-8C12-AE97DAFE8484}"
EndProject
Project("{2150E333-8FDC-42A3-9474-1A3956D46DE8}") = "Libmeta-core", "Libmeta-core", "{7538B15D-152B-4A0F-A24D-A89EDC382564}"
EndProject
Project("{9A19103F-16F7-4668-BE54-9A1E7A4F7556}") = "LibreMetaverse-core.Types", "libremetaverse-core\Libremetaverse.types\LibreMetaverse-core.Types.csproj", "{EF718593-1FC7-433A-8495-5B1A7106CAF3}"
EndProject
Project("{9A19103F-16F7-4668-BE54-9A1E7A4F7556}") = "LibreMetaverse-core.StructuredData", "libremetaverse-core\Libremetaverse.structureddata\LibreMetaverse-core.StructuredData.csproj", "{3928AB19-219D-4284-BFE9-6C0E779F98A3}"
EndProject
Project("{9A19103F-16F7-4668-BE54-9A1E7A4F7556}") = "LibreMetaverse-core", "libremetaverse-core\Libremetaverse\LibreMetaverse-core.csproj", "{97198293-1B92-4FD2-811E-AE1F33D4B2B2}"
EndProject
Project("{2150E333-8FDC-42A3-9474-1A3956D46DE8}") = "Solution Items", "Solution Items", "{B861AB1B-8F09-41A9-8817-CB8A2E961E4C}"
	ProjectSection(SolutionItems) = preProject
		Dockerfile = Dockerfile
		README.md = README.md
	EndProjectSection
EndProject
Global
	GlobalSection(SolutionConfigurationPlatforms) = preSolution
		Debug|Any CPU = Debug|Any CPU
		Debug|x64 = Debug|x64
		DockerBuild|Any CPU = DockerBuild|Any CPU
		DockerBuild|x64 = DockerBuild|x64
		Release|Any CPU = Release|Any CPU
		Release|x64 = Release|x64
	EndGlobalSection
	GlobalSection(ProjectConfigurationPlatforms) = postSolution
		{077DC0CD-6B3D-4BD9-83ED-9E098768AAA8}.Debug|Any CPU.ActiveCfg = Debug|Any CPU
		{077DC0CD-6B3D-4BD9-83ED-9E098768AAA8}.Debug|Any CPU.Build.0 = Debug|Any CPU
		{077DC0CD-6B3D-4BD9-83ED-9E098768AAA8}.Debug|x64.ActiveCfg = Debug|x64
		{077DC0CD-6B3D-4BD9-83ED-9E098768AAA8}.Debug|x64.Build.0 = Debug|x64
		{077DC0CD-6B3D-4BD9-83ED-9E098768AAA8}.DockerBuild|Any CPU.ActiveCfg = DockerBuild|x64
		{077DC0CD-6B3D-4BD9-83ED-9E098768AAA8}.DockerBuild|Any CPU.Build.0 = DockerBuild|x64
		{077DC0CD-6B3D-4BD9-83ED-9E098768AAA8}.DockerBuild|x64.ActiveCfg = DockerBuild|x64
		{077DC0CD-6B3D-4BD9-83ED-9E098768AAA8}.DockerBuild|x64.Build.0 = DockerBuild|x64
		{077DC0CD-6B3D-4BD9-83ED-9E098768AAA8}.Release|Any CPU.ActiveCfg = Release|Any CPU
		{077DC0CD-6B3D-4BD9-83ED-9E098768AAA8}.Release|Any CPU.Build.0 = Release|Any CPU
		{077DC0CD-6B3D-4BD9-83ED-9E098768AAA8}.Release|x64.ActiveCfg = Release|x64
		{077DC0CD-6B3D-4BD9-83ED-9E098768AAA8}.Release|x64.Build.0 = Release|x64
		{E34873C1-3860-430A-8AE5-6289C4E68AC7}.Debug|Any CPU.ActiveCfg = Debug|Any CPU
		{E34873C1-3860-430A-8AE5-6289C4E68AC7}.Debug|Any CPU.Build.0 = Debug|Any CPU
		{E34873C1-3860-430A-8AE5-6289C4E68AC7}.Debug|x64.ActiveCfg = Debug|x64
		{E34873C1-3860-430A-8AE5-6289C4E68AC7}.Debug|x64.Build.0 = Debug|x64
		{E34873C1-3860-430A-8AE5-6289C4E68AC7}.DockerBuild|Any CPU.ActiveCfg = DockerBuild|x64
		{E34873C1-3860-430A-8AE5-6289C4E68AC7}.DockerBuild|Any CPU.Build.0 = DockerBuild|x64
		{E34873C1-3860-430A-8AE5-6289C4E68AC7}.DockerBuild|x64.ActiveCfg = DockerBuild|Any CPU
		{E34873C1-3860-430A-8AE5-6289C4E68AC7}.DockerBuild|x64.Build.0 = DockerBuild|Any CPU
		{E34873C1-3860-430A-8AE5-6289C4E68AC7}.Release|Any CPU.ActiveCfg = Release|Any CPU
		{E34873C1-3860-430A-8AE5-6289C4E68AC7}.Release|Any CPU.Build.0 = Release|Any CPU
		{E34873C1-3860-430A-8AE5-6289C4E68AC7}.Release|x64.ActiveCfg = Release|x64
		{E34873C1-3860-430A-8AE5-6289C4E68AC7}.Release|x64.Build.0 = Release|x64
		{42075C8C-8055-4178-8C12-AE97DAFE8484}.Debug|Any CPU.ActiveCfg = Debug|x64
		{42075C8C-8055-4178-8C12-AE97DAFE8484}.Debug|x64.ActiveCfg = Debug|x64
		{42075C8C-8055-4178-8C12-AE97DAFE8484}.Debug|x64.Build.0 = Debug|x64
		{42075C8C-8055-4178-8C12-AE97DAFE8484}.DockerBuild|Any CPU.ActiveCfg = DockerBuild|x64
		{42075C8C-8055-4178-8C12-AE97DAFE8484}.DockerBuild|x64.ActiveCfg = DockerBuild|x64
		{42075C8C-8055-4178-8C12-AE97DAFE8484}.DockerBuild|x64.Build.0 = DockerBuild|x64
		{42075C8C-8055-4178-8C12-AE97DAFE8484}.Release|Any CPU.ActiveCfg = Release|x64
		{42075C8C-8055-4178-8C12-AE97DAFE8484}.Release|x64.ActiveCfg = Release|x64
		{42075C8C-8055-4178-8C12-AE97DAFE8484}.Release|x64.Build.0 = Release|x64
		{EF718593-1FC7-433A-8495-5B1A7106CAF3}.Debug|Any CPU.ActiveCfg = Debug|x64
		{EF718593-1FC7-433A-8495-5B1A7106CAF3}.Debug|x64.ActiveCfg = Debug|x64
		{EF718593-1FC7-433A-8495-5B1A7106CAF3}.Debug|x64.Build.0 = Debug|x64
		{EF718593-1FC7-433A-8495-5B1A7106CAF3}.DockerBuild|Any CPU.ActiveCfg = DockerBuild|x64
		{EF718593-1FC7-433A-8495-5B1A7106CAF3}.DockerBuild|x64.ActiveCfg = DockerBuild|x64
		{EF718593-1FC7-433A-8495-5B1A7106CAF3}.DockerBuild|x64.Build.0 = DockerBuild|x64
		{EF718593-1FC7-433A-8495-5B1A7106CAF3}.Release|Any CPU.ActiveCfg = Release|x64
		{EF718593-1FC7-433A-8495-5B1A7106CAF3}.Release|x64.ActiveCfg = Release|x64
		{EF718593-1FC7-433A-8495-5B1A7106CAF3}.Release|x64.Build.0 = Release|x64
		{3928AB19-219D-4284-BFE9-6C0E779F98A3}.Debug|Any CPU.ActiveCfg = Debug|x64
		{3928AB19-219D-4284-BFE9-6C0E779F98A3}.Debug|x64.ActiveCfg = Debug|x64
		{3928AB19-219D-4284-BFE9-6C0E779F98A3}.Debug|x64.Build.0 = Debug|x64
		{3928AB19-219D-4284-BFE9-6C0E779F98A3}.DockerBuild|Any CPU.ActiveCfg = DockerBuild|x64
		{3928AB19-219D-4284-BFE9-6C0E779F98A3}.DockerBuild|x64.ActiveCfg = DockerBuild|x64
		{3928AB19-219D-4284-BFE9-6C0E779F98A3}.DockerBuild|x64.Build.0 = DockerBuild|x64
		{3928AB19-219D-4284-BFE9-6C0E779F98A3}.Release|Any CPU.ActiveCfg = Release|x64
		{3928AB19-219D-4284-BFE9-6C0E779F98A3}.Release|x64.ActiveCfg = Release|x64
		{3928AB19-219D-4284-BFE9-6C0E779F98A3}.Release|x64.Build.0 = Release|x64
		{97198293-1B92-4FD2-811E-AE1F33D4B2B2}.Debug|Any CPU.ActiveCfg = Debug|x64
		{97198293-1B92-4FD2-811E-AE1F33D4B2B2}.Debug|x64.ActiveCfg = Debug|x64
		{97198293-1B92-4FD2-811E-AE1F33D4B2B2}.Debug|x64.Build.0 = Debug|x64
		{97198293-1B92-4FD2-811E-AE1F33D4B2B2}.DockerBuild|Any CPU.ActiveCfg = DockerBuild|x64
		{97198293-1B92-4FD2-811E-AE1F33D4B2B2}.DockerBuild|x64.ActiveCfg = DockerBuild|x64
		{97198293-1B92-4FD2-811E-AE1F33D4B2B2}.DockerBuild|x64.Build.0 = DockerBuild|x64
		{97198293-1B92-4FD2-811E-AE1F33D4B2B2}.Release|Any CPU.ActiveCfg = Release|x64
		{97198293-1B92-4FD2-811E-AE1F33D4B2B2}.Release|x64.ActiveCfg = Release|x64
		{97198293-1B92-4FD2-811E-AE1F33D4B2B2}.Release|x64.Build.0 = Release|x64
	EndGlobalSection
	GlobalSection(SolutionProperties) = preSolution
		HideSolutionNode = FALSE
	EndGlobalSection
	GlobalSection(NestedProjects) = preSolution
		{EF718593-1FC7-433A-8495-5B1A7106CAF3} = {7538B15D-152B-4A0F-A24D-A89EDC382564}
		{3928AB19-219D-4284-BFE9-6C0E779F98A3} = {7538B15D-152B-4A0F-A24D-A89EDC382564}
		{97198293-1B92-4FD2-811E-AE1F33D4B2B2} = {7538B15D-152B-4A0F-A24D-A89EDC382564}
	EndGlobalSection
	GlobalSection(ExtensibilityGlobals) = postSolution
		SolutionGuid = {39A7E333-AFC1-4BA8-9EBC-9298791FDC78}
	EndGlobalSection
EndGlobal
