Microsoft Visual Studio Solution File, Format Version 12.00
# Visual Studio Version 16
VisualStudioVersion = 16.0.29123.88
MinimumVisualStudioVersion = 10.0.40219.1
Project("{9A19103F-16F7-4668-BE54-9A1E7A4F7556}") = "LibreMetaverse", "LibreMetaverse\LibreMetaverse.csproj", "{27C70F3A-0000-0000-0000-000000000000}"
EndProject
Project("{9A19103F-16F7-4668-BE54-9A1E7A4F7556}") = "LibreMetaverse.StructuredData", "LibreMetaverse.StructuredData\LibreMetaverse.StructuredData.csproj", "{89D7A3E5-0000-0000-0000-000000000000}"
EndProject
Project("{9A19103F-16F7-4668-BE54-9A1E7A4F7556}") = "LibreMetaverse.Tests", "LibreMetaverse.Tests\LibreMetaverse.Tests.csproj", "{0CCC2C3D-0000-0000-0000-000000000000}"
EndProject
Project("{9A19103F-16F7-4668-BE54-9A1E7A4F7556}") = "LibreMetaverse.Types", "LibreMetaverseTypes\LibreMetaverse.Types.csproj", "{B37B02AD-0000-0000-0000-000000000000}"
EndProject
Global
	GlobalSection(SolutionConfigurationPlatforms) = preSolution
		Debug|Any CPU = Debug|Any CPU
		Release|Any CPU = Release|Any CPU
		ReleaseNoGui|Any CPU = ReleaseNoGui|Any CPU
	EndGlobalSection
	GlobalSection(ProjectConfigurationPlatforms) = postSolution
		{27C70F3A-0000-0000-0000-000000000000}.Debug|Any CPU.ActiveCfg = Debug|Any CPU
		{27C70F3A-0000-0000-0000-000000000000}.Debug|Any CPU.Build.0 = Debug|Any CPU
		{27C70F3A-0000-0000-0000-000000000000}.Release|Any CPU.ActiveCfg = Release|Any CPU
		{27C70F3A-0000-0000-0000-000000000000}.Release|Any CPU.Build.0 = Release|Any CPU
		{27C70F3A-0000-0000-0000-000000000000}.ReleaseNoGui|Any CPU.ActiveCfg = Release|Any CPU
		{27C70F3A-0000-0000-0000-000000000000}.ReleaseNoGui|Any CPU.Build.0 = Release|Any CPU
		{89D7A3E5-0000-0000-0000-000000000000}.Debug|Any CPU.ActiveCfg = Debug|Any CPU
		{89D7A3E5-0000-0000-0000-000000000000}.Debug|Any CPU.Build.0 = Debug|Any CPU
		{89D7A3E5-0000-0000-0000-000000000000}.Release|Any CPU.ActiveCfg = Release|Any CPU
		{89D7A3E5-0000-0000-0000-000000000000}.Release|Any CPU.Build.0 = Release|Any CPU
		{89D7A3E5-0000-0000-0000-000000000000}.ReleaseNoGui|Any CPU.ActiveCfg = Release|Any CPU
		{89D7A3E5-0000-0000-0000-000000000000}.ReleaseNoGui|Any CPU.Build.0 = Release|Any CPU
		{0CCC2C3D-0000-0000-0000-000000000000}.Debug|Any CPU.ActiveCfg = Debug|Any CPU
		{0CCC2C3D-0000-0000-0000-000000000000}.Debug|Any CPU.Build.0 = Debug|Any CPU
		{0CCC2C3D-0000-0000-0000-000000000000}.Release|Any CPU.ActiveCfg = Release|Any CPU
		{0CCC2C3D-0000-0000-0000-000000000000}.Release|Any CPU.Build.0 = Release|Any CPU
		{0CCC2C3D-0000-0000-0000-000000000000}.ReleaseNoGui|Any CPU.ActiveCfg = Release|Any CPU
		{0CCC2C3D-0000-0000-0000-000000000000}.ReleaseNoGui|Any CPU.Build.0 = Release|Any CPU
		{B37B02AD-0000-0000-0000-000000000000}.Debug|Any CPU.ActiveCfg = Debug|Any CPU
		{B37B02AD-0000-0000-0000-000000000000}.Debug|Any CPU.Build.0 = Debug|Any CPU
		{B37B02AD-0000-0000-0000-000000000000}.Release|Any CPU.ActiveCfg = Release|Any CPU
		{B37B02AD-0000-0000-0000-000000000000}.Release|Any CPU.Build.0 = Release|Any CPU
		{B37B02AD-0000-0000-0000-000000000000}.ReleaseNoGui|Any CPU.ActiveCfg = Release|Any CPU
		{B37B02AD-0000-0000-0000-000000000000}.ReleaseNoGui|Any CPU.Build.0 = Release|Any CPU
	EndGlobalSection
	GlobalSection(SolutionProperties) = preSolution
		HideSolutionNode = FALSE
	EndGlobalSection
	GlobalSection(ExtensibilityGlobals) = postSolution
		SolutionGuid = {39A7E333-AFC1-4BA8-9EBC-9298791FDC78}
	EndGlobalSection
EndGlobal
